{
  "name": "myapp",
  "version": "1.0.0",
  "lockfileVersion": 2,
  "requires": true,
  "packages": {
    "": {
      "name": "myapp",
      "version": "1.0.0",
      "license": "ISC",
      "dependencies": {
        "@silvagpe/fluentsql": "^2.0.0"
      }
    },
    "node_modules/@silvagpe/fluentsql": {
      "version": "2.0.0",
      "resolved": "https://registry.npmjs.org/@silvagpe/fluentsql/-/fluentsql-2.0.0.tgz",
      "integrity": "sha512-mAziRpzdVL2DCQ3g+iAemPQ5RpOUKgbkjZeWbnu36rirVmNrIgF9Ali8ojKK/Ug7au1RxpftbXXL8p5z+LWcvQ=="
    }
  },
  "dependencies": {
    "@silvagpe/fluentsql": {
      "version": "2.0.0",
      "resolved": "https://registry.npmjs.org/@silvagpe/fluentsql/-/fluentsql-2.0.0.tgz",
      "integrity": "sha512-mAziRpzdVL2DCQ3g+iAemPQ5RpOUKgbkjZeWbnu36rirVmNrIgF9Ali8ojKK/Ug7au1RxpftbXXL8p5z+LWcvQ=="
    }
  }
}
